
Microsoft Visual Studio Solution File, Format Version 12.00
# Visual Studio Version 17
VisualStudioVersion = 17.5.33530.505
MinimumVisualStudioVersion = 10.0.40219.1
Project("{8BC9CEB8-8B4A-11D0-8D11-00A0C91BC942}") = "te", "te\te.vcxproj", "{323F8B32-890F-475E-A090-2BE760546482}"
EndProject
Global
	GlobalSection(SolutionConfigurationPlatforms) = preSolution
		Debug|x64 = Debug|x64
		Debug|x86 = Debug|x86
		Release|x64 = Release|x64
		Release|x86 = Release|x86
	EndGlobalSection
	GlobalSection(ProjectConfigurationPlatforms) = postSolution
		{323F8B32-890F-475E-A090-2BE760546482}.Debug|x64.ActiveCfg = Debug|x64
		{323F8B32-890F-475E-A090-2BE760546482}.Debug|x64.Build.0 = Debug|x64
		{323F8B32-890F-475E-A090-2BE760546482}.Debug|x86.ActiveCfg = Debug|Win32
		{323F8B32-890F-475E-A090-2BE760546482}.Debug|x86.Build.0 = Debug|Win32
		{323F8B32-890F-475E-A090-2BE760546482}.Release|x64.ActiveCfg = Release|x64
		{323F8B32-890F-475E-A090-2BE760546482}.Release|x64.Build.0 = Release|x64
		{323F8B32-890F-475E-A090-2BE760546482}.Release|x86.ActiveCfg = Release|Win32
		{323F8B32-890F-475E-A090-2BE760546482}.Release|x86.Build.0 = Release|Win32
	EndGlobalSection
	GlobalSection(SolutionProperties) = preSolution
		HideSolutionNode = FALSE
	EndGlobalSection
	GlobalSection(ExtensibilityGlobals) = postSolution
		SolutionGuid = {6D69D065-085F-4C60-A5E2-0A98BB6894D5}
	EndGlobalSection
EndGlobal
